// !$*UTF8*$!
{
	archiveVersion = 1;
	classes = {
	};
	objectVersion = 46;
	objects = {

/* Begin PBXBuildFile section */
		144DF33341219D54596C3FAE /* Pods.framework in Frameworks */ = {isa = PBXBuildFile; fileRef = 1C67EA139DF61BF6DE3D068F /* Pods.framework */; };
		291215A01D0E9F8800FB2CBB /* AppDelegate.swift in Sources */ = {isa = PBXBuildFile; fileRef = 2912159F1D0E9F8800FB2CBB /* AppDelegate.swift */; };
		291215A21D0E9F8800FB2CBB /* ViewController.swift in Sources */ = {isa = PBXBuildFile; fileRef = 291215A11D0E9F8800FB2CBB /* ViewController.swift */; };
		291215A51D0E9F8800FB2CBB /* Main.storyboard in Resources */ = {isa = PBXBuildFile; fileRef = 291215A31D0E9F8800FB2CBB /* Main.storyboard */; };
		291215A81D0E9F8800FB2CBB /* TwoTableView.xcdatamodeld in Sources */ = {isa = PBXBuildFile; fileRef = 291215A61D0E9F8800FB2CBB /* TwoTableView.xcdatamodeld */; };
		291215AA1D0E9F8800FB2CBB /* Assets.xcassets in Resources */ = {isa = PBXBuildFile; fileRef = 291215A91D0E9F8800FB2CBB /* Assets.xcassets */; };
		291215AD1D0E9F8800FB2CBB /* LaunchScreen.storyboard in Resources */ = {isa = PBXBuildFile; fileRef = 291215AB1D0E9F8800FB2CBB /* LaunchScreen.storyboard */; };
		291215B81D0E9F8800FB2CBB /* TwoTableViewTests.swift in Sources */ = {isa = PBXBuildFile; fileRef = 291215B71D0E9F8800FB2CBB /* TwoTableViewTests.swift */; };
		291215C31D0E9F8800FB2CBB /* TwoTableViewUITests.swift in Sources */ = {isa = PBXBuildFile; fileRef = 291215C21D0E9F8800FB2CBB /* TwoTableViewUITests.swift */; };
		291215D11D0EA09900FB2CBB /* YLCategoryVC.swift in Sources */ = {isa = PBXBuildFile; fileRef = 291215D01D0EA09900FB2CBB /* YLCategoryVC.swift */; };
		291215D31D0EA0AA00FB2CBB /* YLProductVC.swift in Sources */ = {isa = PBXBuildFile; fileRef = 291215D21D0EA0AA00FB2CBB /* YLProductVC.swift */; };
/* End PBXBuildFile section */

/* Begin PBXContainerItemProxy section */
		291215B41D0E9F8800FB2CBB /* PBXContainerItemProxy */ = {
			isa = PBXContainerItemProxy;
			containerPortal = 291215941D0E9F8800FB2CBB /* Project object */;
			proxyType = 1;
			remoteGlobalIDString = 2912159B1D0E9F8800FB2CBB;
			remoteInfo = TwoTableView;
		};
		291215BF1D0E9F8800FB2CBB /* PBXContainerItemProxy */ = {
			isa = PBXContainerItemProxy;
			containerPortal = 291215941D0E9F8800FB2CBB /* Project object */;
			proxyType = 1;
			remoteGlobalIDString = 2912159B1D0E9F8800FB2CBB;
			remoteInfo = TwoTableView;
		};
/* End PBXContainerItemProxy section */

/* Begin PBXFileReference section */
		1C67EA139DF61BF6DE3D068F /* Pods.framework */ = {isa = PBXFileReference; explicitFileType = wrapper.framework; includeInIndex = 0; path = Pods.framework; sourceTree = BUILT_PRODUCTS_DIR; };
		2912159C1D0E9F8800FB2CBB /* TwoTableView.app */ = {isa = PBXFileReference; explicitFileType = wrapper.application; includeInIndex = 0; path = TwoTableView.app; sourceTree = BUILT_PRODUCTS_DIR; };
		2912159F1D0E9F8800FB2CBB /* AppDelegate.swift */ = {isa = PBXFileReference; lastKnownFileType = sourcecode.swift; path = AppDelegate.swift; sourceTree = "<group>"; };
		291215A11D0E9F8800FB2CBB /* ViewController.swift */ = {isa = PBXFileReference; lastKnownFileType = sourcecode.swift; path = ViewController.swift; sourceTree = "<group>"; };
		291215A41D0E9F8800FB2CBB /* Base */ = {isa = PBXFileReference; lastKnownFileType = file.storyboard; name = Base; path = Base.lproj/Main.storyboard; sourceTree = "<group>"; };
		291215A71D0E9F8800FB2CBB /* TwoTableView.xcdatamodel */ = {isa = PBXFileReference; lastKnownFileType = wrapper.xcdatamodel; path = TwoTableView.xcdatamodel; sourceTree = "<group>"; };
		291215A91D0E9F8800FB2CBB /* Assets.xcassets */ = {isa = PBXFileReference; lastKnownFileType = folder.assetcatalog; path = Assets.xcassets; sourceTree = "<group>"; };
		291215AC1D0E9F8800FB2CBB /* Base */ = {isa = PBXFileReference; lastKnownFileType = file.storyboard; name = Base; path = Base.lproj/LaunchScreen.storyboard; sourceTree = "<group>"; };
		291215AE1D0E9F8800FB2CBB /* Info.plist */ = {isa = PBXFileReference; lastKnownFileType = text.plist.xml; path = Info.plist; sourceTree = "<group>"; };
		291215B31D0E9F8800FB2CBB /* TwoTableViewTests.xctest */ = {isa = PBXFileReference; explicitFileType = wrapper.cfbundle; includeInIndex = 0; path = TwoTableViewTests.xctest; sourceTree = BUILT_PRODUCTS_DIR; };
		291215B71D0E9F8800FB2CBB /* TwoTableViewTests.swift */ = {isa = PBXFileReference; lastKnownFileType = sourcecode.swift; path = TwoTableViewTests.swift; sourceTree = "<group>"; };
		291215B91D0E9F8800FB2CBB /* Info.plist */ = {isa = PBXFileReference; lastKnownFileType = text.plist.xml; path = Info.plist; sourceTree = "<group>"; };
		291215BE1D0E9F8800FB2CBB /* TwoTableViewUITests.xctest */ = {isa = PBXFileReference; explicitFileType = wrapper.cfbundle; includeInIndex = 0; path = TwoTableViewUITests.xctest; sourceTree = BUILT_PRODUCTS_DIR; };
		291215C21D0E9F8800FB2CBB /* TwoTableViewUITests.swift */ = {isa = PBXFileReference; lastKnownFileType = sourcecode.swift; path = TwoTableViewUITests.swift; sourceTree = "<group>"; };
		291215C41D0E9F8800FB2CBB /* Info.plist */ = {isa = PBXFileReference; lastKnownFileType = text.plist.xml; path = Info.plist; sourceTree = "<group>"; };
		291215D01D0EA09900FB2CBB /* YLCategoryVC.swift */ = {isa = PBXFileReference; fileEncoding = 4; lastKnownFileType = sourcecode.swift; path = YLCategoryVC.swift; sourceTree = "<group>"; };
		291215D21D0EA0AA00FB2CBB /* YLProductVC.swift */ = {isa = PBXFileReference; fileEncoding = 4; lastKnownFileType = sourcecode.swift; path = YLProductVC.swift; sourceTree = "<group>"; };
		C8780FEE667577A30E2B03E8 /* Pods.release.xcconfig */ = {isa = PBXFileReference; includeInIndex = 1; lastKnownFileType = text.xcconfig; name = Pods.release.xcconfig; path = "Pods/Target Support Files/Pods/Pods.release.xcconfig"; sourceTree = "<group>"; };
		C8EDD16402A8445FF6305487 /* Pods.debug.xcconfig */ = {isa = PBXFileReference; includeInIndex = 1; lastKnownFileType = text.xcconfig; name = Pods.debug.xcconfig; path = "Pods/Target Support Files/Pods/Pods.debug.xcconfig"; sourceTree = "<group>"; };
/* End PBXFileReference section */

/* Begin PBXFrameworksBuildPhase section */
		291215991D0E9F8800FB2CBB /* Frameworks */ = {
			isa = PBXFrameworksBuildPhase;
			buildActionMask = 2147483647;
			files = (
				144DF33341219D54596C3FAE /* Pods.framework in Frameworks */,
			);
			runOnlyForDeploymentPostprocessing = 0;
		};
		291215B01D0E9F8800FB2CBB /* Frameworks */ = {
			isa = PBXFrameworksBuildPhase;
			buildActionMask = 2147483647;
			files = (
			);
			runOnlyForDeploymentPostprocessing = 0;
		};
		291215BB1D0E9F8800FB2CBB /* Frameworks */ = {
			isa = PBXFrameworksBuildPhase;
			buildActionMask = 2147483647;
			files = (
			);
			runOnlyForDeploymentPostprocessing = 0;
		};
/* End PBXFrameworksBuildPhase section */

/* Begin PBXGroup section */
		291215931D0E9F8800FB2CBB = {
			isa = PBXGroup;
			children = (
				2912159E1D0E9F8800FB2CBB /* TwoTableView */,
				291215B61D0E9F8800FB2CBB /* TwoTableViewTests */,
				291215C11D0E9F8800FB2CBB /* TwoTableViewUITests */,
				2912159D1D0E9F8800FB2CBB /* Products */,
				EB74EC13D1B5B02621407154 /* Pods */,
				2CCF9D3BFEF81395CB4BE35F /* Frameworks */,
			);
			sourceTree = "<group>";
		};
		2912159D1D0E9F8800FB2CBB /* Products */ = {
			isa = PBXGroup;
			children = (
				2912159C1D0E9F8800FB2CBB /* TwoTableView.app */,
				291215B31D0E9F8800FB2CBB /* TwoTableViewTests.xctest */,
				291215BE1D0E9F8800FB2CBB /* TwoTableViewUITests.xctest */,
			);
			name = Products;
			sourceTree = "<group>";
		};
		2912159E1D0E9F8800FB2CBB /* TwoTableView */ = {
			isa = PBXGroup;
			children = (
				2912159F1D0E9F8800FB2CBB /* AppDelegate.swift */,
				291215A11D0E9F8800FB2CBB /* ViewController.swift */,
				291215D01D0EA09900FB2CBB /* YLCategoryVC.swift */,
				291215D21D0EA0AA00FB2CBB /* YLProductVC.swift */,
				291215A31D0E9F8800FB2CBB /* Main.storyboard */,
				291215A91D0E9F8800FB2CBB /* Assets.xcassets */,
				291215AB1D0E9F8800FB2CBB /* LaunchScreen.storyboard */,
				291215AE1D0E9F8800FB2CBB /* Info.plist */,
				291215A61D0E9F8800FB2CBB /* TwoTableView.xcdatamodeld */,
			);
			path = TwoTableView;
			sourceTree = "<group>";
		};
		291215B61D0E9F8800FB2CBB /* TwoTableViewTests */ = {
			isa = PBXGroup;
			children = (
				291215B71D0E9F8800FB2CBB /* TwoTableViewTests.swift */,
				291215B91D0E9F8800FB2CBB /* Info.plist */,
			);
			path = TwoTableViewTests;
			sourceTree = "<group>";
		};
		291215C11D0E9F8800FB2CBB /* TwoTableViewUITests */ = {
			isa = PBXGroup;
			children = (
				291215C21D0E9F8800FB2CBB /* TwoTableViewUITests.swift */,
				291215C41D0E9F8800FB2CBB /* Info.plist */,
			);
			path = TwoTableViewUITests;
			sourceTree = "<group>";
		};
		2CCF9D3BFEF81395CB4BE35F /* Frameworks */ = {
			isa = PBXGroup;
			children = (
				1C67EA139DF61BF6DE3D068F /* Pods.framework */,
			);
			name = Frameworks;
			sourceTree = "<group>";
		};
		EB74EC13D1B5B02621407154 /* Pods */ = {
			isa = PBXGroup;
			children = (
				C8EDD16402A8445FF6305487 /* Pods.debug.xcconfig */,
				C8780FEE667577A30E2B03E8 /* Pods.release.xcconfig */,
			);
			name = Pods;
			sourceTree = "<group>";
		};
/* End PBXGroup section */

/* Begin PBXNativeTarget section */
		2912159B1D0E9F8800FB2CBB /* TwoTableView */ = {
			isa = PBXNativeTarget;
			buildConfigurationList = 291215C71D0E9F8800FB2CBB /* Build configuration list for PBXNativeTarget "TwoTableView" */;
			buildPhases = (
				C65B9C8F9DFED79E60714344 /* Check Pods Manifest.lock */,
				291215981D0E9F8800FB2CBB /* Sources */,
				291215991D0E9F8800FB2CBB /* Frameworks */,
				2912159A1D0E9F8800FB2CBB /* Resources */,
				7BBCCE1E64FA24BEA72297E0 /* Embed Pods Frameworks */,
				915D9767EB2574628BDB5C46 /* Copy Pods Resources */,
			);
			buildRules = (
			);
			dependencies = (
			);
			name = TwoTableView;
			productName = TwoTableView;
			productReference = 2912159C1D0E9F8800FB2CBB /* TwoTableView.app */;
			productType = "com.apple.product-type.application";
		};
		291215B21D0E9F8800FB2CBB /* TwoTableViewTests */ = {
			isa = PBXNativeTarget;
			buildConfigurationList = 291215CA1D0E9F8800FB2CBB /* Build configuration list for PBXNativeTarget "TwoTableViewTests" */;
			buildPhases = (
				291215AF1D0E9F8800FB2CBB /* Sources */,
				291215B01D0E9F8800FB2CBB /* Frameworks */,
				291215B11D0E9F8800FB2CBB /* Resources */,
			);
			buildRules = (
			);
			dependencies = (
				291215B51D0E9F8800FB2CBB /* PBXTargetDependency */,
			);
			name = TwoTableViewTests;
			productName = TwoTableViewTests;
			productReference = 291215B31D0E9F8800FB2CBB /* TwoTableViewTests.xctest */;
			productType = "com.apple.product-type.bundle.unit-test";
		};
		291215BD1D0E9F8800FB2CBB /* TwoTableViewUITests */ = {
			isa = PBXNativeTarget;
			buildConfigurationList = 291215CD1D0E9F8800FB2CBB /* Build configuration list for PBXNativeTarget "TwoTableViewUITests" */;
			buildPhases = (
				291215BA1D0E9F8800FB2CBB /* Sources */,
				291215BB1D0E9F8800FB2CBB /* Frameworks */,
				291215BC1D0E9F8800FB2CBB /* Resources */,
			);
			buildRules = (
			);
			dependencies = (
				291215C01D0E9F8800FB2CBB /* PBXTargetDependency */,
			);
			name = TwoTableViewUITests;
			productName = TwoTableViewUITests;
			productReference = 291215BE1D0E9F8800FB2CBB /* TwoTableViewUITests.xctest */;
			productType = "com.apple.product-type.bundle.ui-testing";
		};
/* End PBXNativeTarget section */

/* Begin PBXProject section */
		291215941D0E9F8800FB2CBB /* Project object */ = {
			isa = PBXProject;
			attributes = {
				LastSwiftUpdateCheck = 0730;
				LastUpgradeCheck = 0730;
				ORGANIZATIONNAME = "余亮";
				TargetAttributes = {
					2912159B1D0E9F8800FB2CBB = {
						CreatedOnToolsVersion = 7.3.1;
					};
					291215B21D0E9F8800FB2CBB = {
						CreatedOnToolsVersion = 7.3.1;
						TestTargetID = 2912159B1D0E9F8800FB2CBB;
					};
					291215BD1D0E9F8800FB2CBB = {
						CreatedOnToolsVersion = 7.3.1;
						TestTargetID = 2912159B1D0E9F8800FB2CBB;
					};
				};
			};
			buildConfigurationList = 291215971D0E9F8800FB2CBB /* Build configuration list for PBXProject "TwoTableView" */;
			compatibilityVersion = "Xcode 3.2";
			developmentRegion = English;
			hasScannedForEncodings = 0;
			knownRegions = (
				en,
				Base,
			);
			mainGroup = 291215931D0E9F8800FB2CBB;
			productRefGroup = 2912159D1D0E9F8800FB2CBB /* Products */;
			projectDirPath = "";
			projectRoot = "";
			targets = (
				2912159B1D0E9F8800FB2CBB /* TwoTableView */,
				291215B21D0E9F8800FB2CBB /* TwoTableViewTests */,
				291215BD1D0E9F8800FB2CBB /* TwoTableViewUITests */,
			);
		};
/* End PBXProject section */

/* Begin PBXResourcesBuildPhase section */
		2912159A1D0E9F8800FB2CBB /* Resources */ = {
			isa = PBXResourcesBuildPhase;
			buildActionMask = 2147483647;
			files = (
				291215AD1D0E9F8800FB2CBB /* LaunchScreen.storyboard in Resources */,
				291215AA1D0E9F8800FB2CBB /* Assets.xcassets in Resources */,
				291215A51D0E9F8800FB2CBB /* Main.storyboard in Resources */,
			);
			runOnlyForDeploymentPostprocessing = 0;
		};
		291215B11D0E9F8800FB2CBB /* Resources */ = {
			isa = PBXResourcesBuildPhase;
			buildActionMask = 2147483647;
			files = (
			);
			runOnlyForDeploymentPostprocessing = 0;
		};
		291215BC1D0E9F8800FB2CBB /* Resources */ = {
			isa = PBXResourcesBuildPhase;
			buildActionMask = 2147483647;
			files = (
			);
			runOnlyForDeploymentPostprocessing = 0;
		};
/* End PBXResourcesBuildPhase section */

/* Begin PBXShellScriptBuildPhase section */
		7BBCCE1E64FA24BEA72297E0 /* Embed Pods Frameworks */ = {
			isa = PBXShellScriptBuildPhase;
			buildActionMask = 2147483647;
			files = (
			);
			inputPaths = (
			);
			name = "Embed Pods Frameworks";
			outputPaths = (
			);
			runOnlyForDeploymentPostprocessing = 0;
			shellPath = /bin/sh;
			shellScript = "\"${SRCROOT}/Pods/Target Support Files/Pods/Pods-frameworks.sh\"\n";
			showEnvVarsInLog = 0;
		};
		915D9767EB2574628BDB5C46 /* Copy Pods Resources */ = {
			isa = PBXShellScriptBuildPhase;
			buildActionMask = 2147483647;
			files = (
			);
			inputPaths = (
			);
			name = "Copy Pods Resources";
			outputPaths = (
			);
			runOnlyForDeploymentPostprocessing = 0;
			shellPath = /bin/sh;
			shellScript = "\"${SRCROOT}/Pods/Target Support Files/Pods/Pods-resources.sh\"\n";
			showEnvVarsInLog = 0;
		};
		C65B9C8F9DFED79E60714344 /* Check Pods Manifest.lock */ = {
			isa = PBXShellScriptBuildPhase;
			buildActionMask = 2147483647;
			files = (
			);
			inputPaths = (
			);
			name = "Check Pods Manifest.lock";
			outputPaths = (
			);
			runOnlyForDeploymentPostprocessing = 0;
			shellPath = /bin/sh;
			shellScript = "diff \"${PODS_ROOT}/../Podfile.lock\" \"${PODS_ROOT}/Manifest.lock\" > /dev/null\nif [[ $? != 0 ]] ; then\n    cat << EOM\nerror: The sandbox is not in sync with the Podfile.lock. Run 'pod install' or update your CocoaPods installation.\nEOM\n    exit 1\nfi\n";
			showEnvVarsInLog = 0;
		};
/* End PBXShellScriptBuildPhase section */

/* Begin PBXSourcesBuildPhase section */
		291215981D0E9F8800FB2CBB /* Sources */ = {
			isa = PBXSourcesBuildPhase;
			buildActionMask = 2147483647;
			files = (
				291215A81D0E9F8800FB2CBB /* TwoTableView.xcdatamodeld in Sources */,
				291215D11D0EA09900FB2CBB /* YLCategoryVC.swift in Sources */,
				291215A21D0E9F8800FB2CBB /* ViewController.swift in Sources */,
				291215A01D0E9F8800FB2CBB /* AppDelegate.swift in Sources */,
				291215D31D0EA0AA00FB2CBB /* YLProductVC.swift in Sources */,
			);
			runOnlyForDeploymentPostprocessing = 0;
		};
		291215AF1D0E9F8800FB2CBB /* Sources */ = {
			isa = PBXSourcesBuildPhase;
			buildActionMask = 2147483647;
			files = (
				291215B81D0E9F8800FB2CBB /* TwoTableViewTests.swift in Sources */,
			);
			runOnlyForDeploymentPostprocessing = 0;
		};
		291215BA1D0E9F8800FB2CBB /* Sources */ = {
			isa = PBXSourcesBuildPhase;
			buildActionMask = 2147483647;
			files = (
				291215C31D0E9F8800FB2CBB /* TwoTableViewUITests.swift in Sources */,
			);
			runOnlyForDeploymentPostprocessing = 0;
		};
/* End PBXSourcesBuildPhase section */

/* Begin PBXTargetDependency section */
		291215B51D0E9F8800FB2CBB /* PBXTargetDependency */ = {
			isa = PBXTargetDependency;
			target = 2912159B1D0E9F8800FB2CBB /* TwoTableView */;
			targetProxy = 291215B41D0E9F8800FB2CBB /* PBXContainerItemProxy */;
		};
		291215C01D0E9F8800FB2CBB /* PBXTargetDependency */ = {
			isa = PBXTargetDependency;
			target = 2912159B1D0E9F8800FB2CBB /* TwoTableView */;
			targetProxy = 291215BF1D0E9F8800FB2CBB /* PBXContainerItemProxy */;
		};
/* End PBXTargetDependency section */

/* Begin PBXVariantGroup section */
		291215A31D0E9F8800FB2CBB /* Main.storyboard */ = {
			isa = PBXVariantGroup;
			children = (
				291215A41D0E9F8800FB2CBB /* Base */,
			);
			name = Main.storyboard;
			sourceTree = "<group>";
		};
		291215AB1D0E9F8800FB2CBB /* LaunchScreen.storyboard */ = {
			isa = PBXVariantGroup;
			children = (
				291215AC1D0E9F8800FB2CBB /* Base */,
			);
			name = LaunchScreen.storyboard;
			sourceTree = "<group>";
		};
/* End PBXVariantGroup section */

/* Begin XCBuildConfiguration section */
		291215C51D0E9F8800FB2CBB /* Debug */ = {
			isa = XCBuildConfiguration;
			buildSettings = {
				ALWAYS_SEARCH_USER_PATHS = NO;
				CLANG_ANALYZER_NONNULL = YES;
				CLANG_CXX_LANGUAGE_STANDARD = "gnu++0x";
				CLANG_CXX_LIBRARY = "libc++";
				CLANG_ENABLE_MODULES = YES;
				CLANG_ENABLE_OBJC_ARC = YES;
				CLANG_WARN_BOOL_CONVERSION = YES;
				CLANG_WARN_CONSTANT_CONVERSION = YES;
				CLANG_WARN_DIRECT_OBJC_ISA_USAGE = YES_ERROR;
				CLANG_WARN_EMPTY_BODY = YES;
				CLANG_WARN_ENUM_CONVERSION = YES;
				CLANG_WARN_INT_CONVERSION = YES;
				CLANG_WARN_OBJC_ROOT_CLASS = YES_ERROR;
				CLANG_WARN_UNREACHABLE_CODE = YES;
				CLANG_WARN__DUPLICATE_METHOD_MATCH = YES;
				"CODE_SIGN_IDENTITY[sdk=iphoneos*]" = "iPhone Developer";
				COPY_PHASE_STRIP = NO;
				DEBUG_INFORMATION_FORMAT = dwarf;
				ENABLE_STRICT_OBJC_MSGSEND = YES;
				ENABLE_TESTABILITY = YES;
				GCC_C_LANGUAGE_STANDARD = gnu99;
				GCC_DYNAMIC_NO_PIC = NO;
				GCC_NO_COMMON_BLOCKS = YES;
				GCC_OPTIMIZATION_LEVEL = 0;
				GCC_PREPROCESSOR_DEFINITIONS = (
					"DEBUG=1",
					"$(inherited)",
				);
				GCC_WARN_64_TO_32_BIT_CONVERSION = YES;
				GCC_WARN_ABOUT_RETURN_TYPE = YES_ERROR;
				GCC_WARN_UNDECLARED_SELECTOR = YES;
				GCC_WARN_UNINITIALIZED_AUTOS = YES_AGGRESSIVE;
				GCC_WARN_UNUSED_FUNCTION = YES;
				GCC_WARN_UNUSED_VARIABLE = YES;
				IPHONEOS_DEPLOYMENT_TARGET = 9.3;
				MTL_ENABLE_DEBUG_INFO = YES;
				ONLY_ACTIVE_ARCH = YES;
				SDKROOT = iphoneos;
				SWIFT_OPTIMIZATION_LEVEL = "-Onone";
			};
			name = Debug;
		};
		291215C61D0E9F8800FB2CBB /* Release */ = {
			isa = XCBuildConfiguration;
			buildSettings = {
				ALWAYS_SEARCH_USER_PATHS = NO;
				CLANG_ANALYZER_NONNULL = YES;
				CLANG_CXX_LANGUAGE_STANDARD = "gnu++0x";
				CLANG_CXX_LIBRARY = "libc++";
				CLANG_ENABLE_MODULES = YES;
				CLANG_ENABLE_OBJC_ARC = YES;
				CLANG_WARN_BOOL_CONVERSION = YES;
				CLANG_WARN_CONSTANT_CONVERSION = YES;
				CLANG_WARN_DIRECT_OBJC_ISA_USAGE = YES_ERROR;
				CLANG_WARN_EMPTY_BODY = YES;
				CLANG_WARN_ENUM_CONVERSION = YES;
				CLANG_WARN_INT_CONVERSION = YES;
				CLANG_WARN_OBJC_ROOT_CLASS = YES_ERROR;
				CLANG_WARN_UNREACHABLE_CODE = YES;
				CLANG_WARN__DUPLICATE_METHOD_MATCH = YES;
				"CODE_SIGN_IDENTITY[sdk=iphoneos*]" = "iPhone Developer";
				COPY_PHASE_STRIP = NO;
				DEBUG_INFORMATION_FORMAT = "dwarf-with-dsym";
				ENABLE_NS_ASSERTIONS = NO;
				ENABLE_STRICT_OBJC_MSGSEND = YES;
				GCC_C_LANGUAGE_STANDARD = gnu99;
				GCC_NO_COMMON_BLOCKS = YES;
				GCC_WARN_64_TO_32_BIT_CONVERSION = YES;
				GCC_WARN_ABOUT_RETURN_TYPE = YES_ERROR;
				GCC_WARN_UNDECLARED_SELECTOR = YES;
				GCC_WARN_UNINITIALIZED_AUTOS = YES_AGGRESSIVE;
				GCC_WARN_UNUSED_FUNCTION = YES;
				GCC_WARN_UNUSED_VARIABLE = YES;
				IPHONEOS_DEPLOYMENT_TARGET = 9.3;
				MTL_ENABLE_DEBUG_INFO = NO;
				SDKROOT = iphoneos;
				VALIDATE_PRODUCT = YES;
			};
			name = Release;
		};
		291215C81D0E9F8800FB2CBB /* Debug */ = {
			isa = XCBuildConfiguration;
			baseConfigurationReference = C8EDD16402A8445FF6305487 /* Pods.debug.xcconfig */;
			buildSettings = {
				ASSETCATALOG_COMPILER_APPICON_NAME = AppIcon;
				INFOPLIST_FILE = TwoTableView/Info.plist;
				LD_RUNPATH_SEARCH_PATHS = "$(inherited) @executable_path/Frameworks";
				PRODUCT_BUNDLE_IDENTIFIER = com.yuliang.TwoTableView;
				PRODUCT_NAME = "$(TARGET_NAME)";
			};
			name = Debug;
		};
		291215C91D0E9F8800FB2CBB /* Release */ = {
			isa = XCBuildConfiguration;
			baseConfigurationReference = C8780FEE667577A30E2B03E8 /* Pods.release.xcconfig */;
			buildSettings = {
				ASSETCATALOG_COMPILER_APPICON_NAME = AppIcon;
				INFOPLIST_FILE = TwoTableView/Info.plist;
				LD_RUNPATH_SEARCH_PATHS = "$(inherited) @executable_path/Frameworks";
				PRODUCT_BUNDLE_IDENTIFIER = com.yuliang.TwoTableView;
				PRODUCT_NAME = "$(TARGET_NAME)";
			};
			name = Release;
		};
		291215CB1D0E9F8800FB2CBB /* Debug */ = {
			isa = XCBuildConfiguration;
			buildSettings = {
				BUNDLE_LOADER = "$(TEST_HOST)";
				INFOPLIST_FILE = TwoTableViewTests/Info.plist;
				LD_RUNPATH_SEARCH_PATHS = "$(inherited) @executable_path/Frameworks @loader_path/Frameworks";
				PRODUCT_BUNDLE_IDENTIFIER = com.yuliang.TwoTableViewTests;
				PRODUCT_NAME = "$(TARGET_NAME)";
				TEST_HOST = "$(BUILT_PRODUCTS_DIR)/TwoTableView.app/TwoTableView";
			};
			name = Debug;
		};
		291215CC1D0E9F8800FB2CBB /* Release */ = {
			isa = XCBuildConfiguration;
			buildSettings = {
				BUNDLE_LOADER = "$(TEST_HOST)";
				INFOPLIST_FILE = TwoTableViewTests/Info.plist;
				LD_RUNPATH_SEARCH_PATHS = "$(inherited) @executable_path/Frameworks @loader_path/Frameworks";
				PRODUCT_BUNDLE_IDENTIFIER = com.yuliang.TwoTableViewTests;
				PRODUCT_NAME = "$(TARGET_NAME)";
				TEST_HOST = "$(BUILT_PRODUCTS_DIR)/TwoTableView.app/TwoTableView";
			};
			name = Release;
		};
		291215CE1D0E9F8800FB2CBB /* Debug */ = {
			isa = XCBuildConfiguration;
			buildSettings = {
				INFOPLIST_FILE = TwoTableViewUITests/Info.plist;
				LD_RUNPATH_SEARCH_PATHS = "$(inherited) @executable_path/Frameworks @loader_path/Frameworks";
				PRODUCT_BUNDLE_IDENTIFIER = com.yuliang.TwoTableViewUITests;
				PRODUCT_NAME = "$(TARGET_NAME)";
				TEST_TARGET_NAME = TwoTableView;
			};
			name = Debug;
		};
		291215CF1D0E9F8800FB2CBB /* Release */ = {
			isa = XCBuildConfiguration;
			buildSettings = {
				INFOPLIST_FILE = TwoTableViewUITests/Info.plist;
				LD_RUNPATH_SEARCH_PATHS = "$(inherited) @executable_path/Frameworks @loader_path/Frameworks";
				PRODUCT_BUNDLE_IDENTIFIER = com.yuliang.TwoTableViewUITests;
				PRODUCT_NAME = "$(TARGET_NAME)";
				TEST_TARGET_NAME = TwoTableView;
			};
			name = Release;
		};
/* End XCBuildConfiguration section */

/* Begin XCConfigurationList section */
		291215971D0E9F8800FB2CBB /* Build configuration list for PBXProject "TwoTableView" */ = {
			isa = XCConfigurationList;
			buildConfigurations = (
				291215C51D0E9F8800FB2CBB /* Debug */,
				291215C61D0E9F8800FB2CBB /* Release */,
			);
			defaultConfigurationIsVisible = 0;
			defaultConfigurationName = Release;
		};
		291215C71D0E9F8800FB2CBB /* Build configuration list for PBXNativeTarget "TwoTableView" */ = {
			isa = XCConfigurationList;
			buildConfigurations = (
				291215C81D0E9F8800FB2CBB /* Debug */,
				291215C91D0E9F8800FB2CBB /* Release */,
			);
			defaultConfigurationIsVisible = 0;
			defaultConfigurationName = Release;
		};
		291215CA1D0E9F8800FB2CBB /* Build configuration list for PBXNativeTarget "TwoTableViewTests" */ = {
			isa = XCConfigurationList;
			buildConfigurations = (
				291215CB1D0E9F8800FB2CBB /* Debug */,
				291215CC1D0E9F8800FB2CBB /* Release */,
			);
			defaultConfigurationIsVisible = 0;
			defaultConfigurationName = Release;
		};
		291215CD1D0E9F8800FB2CBB /* Build configuration list for PBXNativeTarget "TwoTableViewUITests" */ = {
			isa = XCConfigurationList;
			buildConfigurations = (
				291215CE1D0E9F8800FB2CBB /* Debug */,
				291215CF1D0E9F8800FB2CBB /* Release */,
			);
			defaultConfigurationIsVisible = 0;
			defaultConfigurationName = Release;
		};
/* End XCConfigurationList section */

/* Begin XCVersionGroup section */
		291215A61D0E9F8800FB2CBB /* TwoTableView.xcdatamodeld */ = {
			isa = XCVersionGroup;
			children = (
				291215A71D0E9F8800FB2CBB /* TwoTableView.xcdatamodel */,
			);
			currentVersion = 291215A71D0E9F8800FB2CBB /* TwoTableView.xcdatamodel */;
			path = TwoTableView.xcdatamodeld;
			sourceTree = "<group>";
			versionGroupType = wrapper.xcdatamodel;
		};
/* End XCVersionGroup section */
	};
	rootObject = 291215941D0E9F8800FB2CBB /* Project object */;
}
